{
    "name": "@df/react-binding",
    "version": "0.0.1",
    "lockfileVersion": 3,
    "requires": true,
    "packages": {
        "": {
            "name": "@df/react-binding",
            "version": "0.0.1",
            "dependencies": {
                "@df/core": "file:../core"
            },
            "peerDependencies": {
                "react": "^18 || ^19"
            }
        },
        "../core": {
            "name": "@df/core",
            "version": "0.0.1",
            "devDependencies": {
                "@types/node": "^25.2.0",
                "ts-node": "^10.9.2",
                "typescript": "^5.9.3"
            }
        },
        "node_modules/@df/core": {
            "resolved": "../core",
            "link": true
        },
        "node_modules/react": {
            "version": "19.2.4",
            "resolved": "https://registry.npmjs.org/react/-/react-19.2.4.tgz",
            "integrity": "sha512-9nfp2hYpCwOjAN+8TZFGhtWEwgvWHXqESH8qT89AT/lWklpLON22Lc8pEtnpsZz7VmawabSU0gCjnj8aC0euHQ==",
            "license": "MIT",
            "peer": true,
            "engines": {
                "node": ">=0.10.0"
            }
        }
    }
}
